github.com/gorilla/websocket v1.5.0 h1:PPwGk2jz7EePpoHN/+ClbZu8SPxiqlu12wZP/3sWmnc=
github.com/gorilla/websocket v1.5.0/go.mod h1:YR8l580nyteQvAITg2hZ9XVh4b55+EU/adAjf1fMHhE=
github.com/joho/godotenv v1.4.0 h1:3l4+N6zfMWnkbPEXKng2o2/MR5mSwTrBih4ZEkkz1lg=
github.com/joho/godotenv v1.4.0/go.mod h1:f4LDr5Voq0i2e/R5DDNOoa2zzDfwtkZa6DnEwAbqwq4=
github.com/karastift/marta-client v0.0.0-20220228144933-5c0bc26a44d4 h1:l057tz45GhR12b6ZvDQKct1X4dsge+tr398MO3ptUnM=
github.com/karastift/marta-client v0.0.0-20220228144933-5c0bc26a44d4/go.mod h1:M6AqtxNgmY5cCVlig5Dgs8USeRDP2iu9Ct9AUNOwXlg=
